
Microsoft Visual Studio Solution File, Format Version 12.00
# Visual Studio Version 16
VisualStudioVersion = 16.0.29613.14
MinimumVisualStudioVersion = 10.0.40219.1
Project("{2150E333-8FDC-42A3-9474-1A3956D46DE8}") = "CSGO", "CSGO", "{8EBD3F65-0EF7-4A9E-A5B6-1E3BFD0A9F94}"
EndProject
Project("{9A19103F-16F7-4668-BE54-9A1E7A4F7556}") = "SportData.CSGOTests", "CSGO\SportData.CSGOTests\SportData.CSGOTests.csproj", "{84455595-2F1D-44C5-B469-A77D4677037D}"
	ProjectSection(ProjectDependencies) = postProject
		{59B13300-E16A-4F79-BD2B-19AF2F92F7C8} = {59B13300-E16A-4F79-BD2B-19AF2F92F7C8}
		{84EFA8A2-37E1-410C-B745-F88E38DFB2A4} = {84EFA8A2-37E1-410C-B745-F88E38DFB2A4}
		{59A859AA-C30F-40D4-987E-948460047885} = {59A859AA-C30F-40D4-987E-948460047885}
		{94051DD7-D488-461D-A7C7-FDEBD7765F00} = {94051DD7-D488-461D-A7C7-FDEBD7765F00}
	EndProjectSection
EndProject
Project("{2150E333-8FDC-42A3-9474-1A3956D46DE8}") = "LOL", "LOL", "{6503A362-7FA8-4BE2-8B92-D9AB8777F713}"
EndProject
Project("{9A19103F-16F7-4668-BE54-9A1E7A4F7556}") = "SportData.LOL", "LOL\SportData.LOL\SportData.LOL.csproj", "{CBA3D5C5-A910-4918-BA0B-DCAD30664BA1}"
	ProjectSection(ProjectDependencies) = postProject
		{59B13300-E16A-4F79-BD2B-19AF2F92F7C8} = {59B13300-E16A-4F79-BD2B-19AF2F92F7C8}
		{5AD3E22E-CF20-4430-AE49-A69D8C65352D} = {5AD3E22E-CF20-4430-AE49-A69D8C65352D}
		{59A859AA-C30F-40D4-987E-948460047885} = {59A859AA-C30F-40D4-987E-948460047885}
	EndProjectSection
EndProject
Project("{9A19103F-16F7-4668-BE54-9A1E7A4F7556}") = "SportData.LOL.Entities", "LOL\SportData.LOL.Entities\SportData.LOL.Entities.csproj", "{5AD3E22E-CF20-4430-AE49-A69D8C65352D}"
	ProjectSection(ProjectDependencies) = postProject
		{59B13300-E16A-4F79-BD2B-19AF2F92F7C8} = {59B13300-E16A-4F79-BD2B-19AF2F92F7C8}
		{59A859AA-C30F-40D4-987E-948460047885} = {59A859AA-C30F-40D4-987E-948460047885}
	EndProjectSection
EndProject
Project("{9A19103F-16F7-4668-BE54-9A1E7A4F7556}") = "SportData.CSGO.Entities", "CSGO\SportData.CSGO.Entities\SportData.CSGO.Entities.csproj", "{94051DD7-D488-461D-A7C7-FDEBD7765F00}"
	ProjectSection(ProjectDependencies) = postProject
		{59B13300-E16A-4F79-BD2B-19AF2F92F7C8} = {59B13300-E16A-4F79-BD2B-19AF2F92F7C8}
		{59A859AA-C30F-40D4-987E-948460047885} = {59A859AA-C30F-40D4-987E-948460047885}
	EndProjectSection
EndProject
Project("{9A19103F-16F7-4668-BE54-9A1E7A4F7556}") = "SportData.CSGO", "CSGO\SportData.CSGO\SportData.CSGO.csproj", "{84EFA8A2-37E1-410C-B745-F88E38DFB2A4}"
	ProjectSection(ProjectDependencies) = postProject
		{59B13300-E16A-4F79-BD2B-19AF2F92F7C8} = {59B13300-E16A-4F79-BD2B-19AF2F92F7C8}
		{59A859AA-C30F-40D4-987E-948460047885} = {59A859AA-C30F-40D4-987E-948460047885}
		{94051DD7-D488-461D-A7C7-FDEBD7765F00} = {94051DD7-D488-461D-A7C7-FDEBD7765F00}
	EndProjectSection
EndProject
Project("{9A19103F-16F7-4668-BE54-9A1E7A4F7556}") = "SportData", "SportData\SportData.csproj", "{59B13300-E16A-4F79-BD2B-19AF2F92F7C8}"
	ProjectSection(ProjectDependencies) = postProject
		{59A859AA-C30F-40D4-987E-948460047885} = {59A859AA-C30F-40D4-987E-948460047885}
	EndProjectSection
EndProject
Project("{9A19103F-16F7-4668-BE54-9A1E7A4F7556}") = "SportData.Utils", "SportData.Utils\SportData.Utils.csproj", "{59A859AA-C30F-40D4-987E-948460047885}"
EndProject
Project("{9A19103F-16F7-4668-BE54-9A1E7A4F7556}") = "SportData.LOLTests", "LOL\SportData.LOLTests\SportData.LOLTests.csproj", "{ADC7417E-B395-4AC4-817F-36CBD2F46649}"
	ProjectSection(ProjectDependencies) = postProject
		{59B13300-E16A-4F79-BD2B-19AF2F92F7C8} = {59B13300-E16A-4F79-BD2B-19AF2F92F7C8}
		{5AD3E22E-CF20-4430-AE49-A69D8C65352D} = {5AD3E22E-CF20-4430-AE49-A69D8C65352D}
		{59A859AA-C30F-40D4-987E-948460047885} = {59A859AA-C30F-40D4-987E-948460047885}
		{CBA3D5C5-A910-4918-BA0B-DCAD30664BA1} = {CBA3D5C5-A910-4918-BA0B-DCAD30664BA1}
	EndProjectSection
EndProject
Global
	GlobalSection(SolutionConfigurationPlatforms) = preSolution
		Debug|Any CPU = Debug|Any CPU
		Release|Any CPU = Release|Any CPU
	EndGlobalSection
	GlobalSection(ProjectConfigurationPlatforms) = postSolution
		{84455595-2F1D-44C5-B469-A77D4677037D}.Debug|Any CPU.ActiveCfg = Debug|Any CPU
		{84455595-2F1D-44C5-B469-A77D4677037D}.Debug|Any CPU.Build.0 = Debug|Any CPU
		{84455595-2F1D-44C5-B469-A77D4677037D}.Release|Any CPU.ActiveCfg = Release|Any CPU
		{84455595-2F1D-44C5-B469-A77D4677037D}.Release|Any CPU.Build.0 = Release|Any CPU
		{CBA3D5C5-A910-4918-BA0B-DCAD30664BA1}.Debug|Any CPU.ActiveCfg = Debug|Any CPU
		{CBA3D5C5-A910-4918-BA0B-DCAD30664BA1}.Debug|Any CPU.Build.0 = Debug|Any CPU
		{CBA3D5C5-A910-4918-BA0B-DCAD30664BA1}.Release|Any CPU.ActiveCfg = Release|Any CPU
		{CBA3D5C5-A910-4918-BA0B-DCAD30664BA1}.Release|Any CPU.Build.0 = Release|Any CPU
		{5AD3E22E-CF20-4430-AE49-A69D8C65352D}.Debug|Any CPU.ActiveCfg = Debug|Any CPU
		{5AD3E22E-CF20-4430-AE49-A69D8C65352D}.Debug|Any CPU.Build.0 = Debug|Any CPU
		{5AD3E22E-CF20-4430-AE49-A69D8C65352D}.Release|Any CPU.ActiveCfg = Release|Any CPU
		{5AD3E22E-CF20-4430-AE49-A69D8C65352D}.Release|Any CPU.Build.0 = Release|Any CPU
		{94051DD7-D488-461D-A7C7-FDEBD7765F00}.Debug|Any CPU.ActiveCfg = Debug|Any CPU
		{94051DD7-D488-461D-A7C7-FDEBD7765F00}.Debug|Any CPU.Build.0 = Debug|Any CPU
		{94051DD7-D488-461D-A7C7-FDEBD7765F00}.Release|Any CPU.ActiveCfg = Release|Any CPU
		{94051DD7-D488-461D-A7C7-FDEBD7765F00}.Release|Any CPU.Build.0 = Release|Any CPU
		{84EFA8A2-37E1-410C-B745-F88E38DFB2A4}.Debug|Any CPU.ActiveCfg = Debug|Any CPU
		{84EFA8A2-37E1-410C-B745-F88E38DFB2A4}.Debug|Any CPU.Build.0 = Debug|Any CPU
		{84EFA8A2-37E1-410C-B745-F88E38DFB2A4}.Release|Any CPU.ActiveCfg = Release|Any CPU
		{84EFA8A2-37E1-410C-B745-F88E38DFB2A4}.Release|Any CPU.Build.0 = Release|Any CPU
		{59B13300-E16A-4F79-BD2B-19AF2F92F7C8}.Debug|Any CPU.ActiveCfg = Debug|Any CPU
		{59B13300-E16A-4F79-BD2B-19AF2F92F7C8}.Debug|Any CPU.Build.0 = Debug|Any CPU
		{59B13300-E16A-4F79-BD2B-19AF2F92F7C8}.Release|Any CPU.ActiveCfg = Release|Any CPU
		{59B13300-E16A-4F79-BD2B-19AF2F92F7C8}.Release|Any CPU.Build.0 = Release|Any CPU
		{59A859AA-C30F-40D4-987E-948460047885}.Debug|Any CPU.ActiveCfg = Debug|Any CPU
		{59A859AA-C30F-40D4-987E-948460047885}.Debug|Any CPU.Build.0 = Debug|Any CPU
		{59A859AA-C30F-40D4-987E-948460047885}.Release|Any CPU.ActiveCfg = Release|Any CPU
		{59A859AA-C30F-40D4-987E-948460047885}.Release|Any CPU.Build.0 = Release|Any CPU
		{ADC7417E-B395-4AC4-817F-36CBD2F46649}.Debug|Any CPU.ActiveCfg = Debug|Any CPU
		{ADC7417E-B395-4AC4-817F-36CBD2F46649}.Debug|Any CPU.Build.0 = Debug|Any CPU
		{ADC7417E-B395-4AC4-817F-36CBD2F46649}.Release|Any CPU.ActiveCfg = Release|Any CPU
		{ADC7417E-B395-4AC4-817F-36CBD2F46649}.Release|Any CPU.Build.0 = Release|Any CPU
	EndGlobalSection
	GlobalSection(SolutionProperties) = preSolution
		HideSolutionNode = FALSE
	EndGlobalSection
	GlobalSection(NestedProjects) = preSolution
		{84455595-2F1D-44C5-B469-A77D4677037D} = {8EBD3F65-0EF7-4A9E-A5B6-1E3BFD0A9F94}
		{CBA3D5C5-A910-4918-BA0B-DCAD30664BA1} = {6503A362-7FA8-4BE2-8B92-D9AB8777F713}
		{5AD3E22E-CF20-4430-AE49-A69D8C65352D} = {6503A362-7FA8-4BE2-8B92-D9AB8777F713}
		{94051DD7-D488-461D-A7C7-FDEBD7765F00} = {8EBD3F65-0EF7-4A9E-A5B6-1E3BFD0A9F94}
		{84EFA8A2-37E1-410C-B745-F88E38DFB2A4} = {8EBD3F65-0EF7-4A9E-A5B6-1E3BFD0A9F94}
		{ADC7417E-B395-4AC4-817F-36CBD2F46649} = {6503A362-7FA8-4BE2-8B92-D9AB8777F713}
	EndGlobalSection
	GlobalSection(ExtensibilityGlobals) = postSolution
		SolutionGuid = {716C0C9D-BB37-447E-8713-A6096D58F706}
	EndGlobalSection
EndGlobal
